
Microsoft Visual Studio Solution File, Format Version 12.00
# Visual Studio Version 17
VisualStudioVersion = 17.0.32112.339
MinimumVisualStudioVersion = 10.0.40219.1
Project("{FAE04EC0-301F-11D3-BF4B-00C04F79EFBC}") = "Ejercicio-2-LP3", "Ejercicio-2-LP3\Ejercicio-2-LP3.csproj", "{F488EE51-05B2-4980-AAEA-999B4A0D8F6B}"
EndProject
Global
	GlobalSection(SolutionConfigurationPlatforms) = preSolution
		Debug|Any CPU = Debug|Any CPU
		Release|Any CPU = Release|Any CPU
	EndGlobalSection
	GlobalSection(ProjectConfigurationPlatforms) = postSolution
		{F488EE51-05B2-4980-AAEA-999B4A0D8F6B}.Debug|Any CPU.ActiveCfg = Debug|Any CPU
		{F488EE51-05B2-4980-AAEA-999B4A0D8F6B}.Debug|Any CPU.Build.0 = Debug|Any CPU
		{F488EE51-05B2-4980-AAEA-999B4A0D8F6B}.Release|Any CPU.ActiveCfg = Release|Any CPU
		{F488EE51-05B2-4980-AAEA-999B4A0D8F6B}.Release|Any CPU.Build.0 = Release|Any CPU
	EndGlobalSection
	GlobalSection(SolutionProperties) = preSolution
		HideSolutionNode = FALSE
	EndGlobalSection
	GlobalSection(ExtensibilityGlobals) = postSolution
		SolutionGuid = {018BF642-E8BC-49A2-A9F7-DEBB036C4C5B}
	EndGlobalSection
EndGlobal
